{
  "version": 4,
  "terraform_version": "1.6.0",
  "serial": 18,
  "lineage": "e78ae9fe-ad81-7d45-c6be-f2a0e5534823",
  "outputs": {
    "documentorai_vpc_01": {
      "value": "projects/documentorai-400501/global/networks/documentorai-vpc-01",
      "type": "string"
    }
  },
  "resources": [
    {
      "mode": "managed",
      "type": "google_compute_firewall",
      "name": "documentorai_firewall_internal_becarefullbuddy",
      "provider": "provider[\"registry.terraform.io/hashicorp/google\"]",
      "instances": [
        {
          "schema_version": 1,
          "attributes": {
            "allow": [
              {
                "ports": [],
                "protocol": "all"
              }
            ],
            "creation_timestamp": "2023-10-04T23:11:09.816-07:00",
            "deny": [],
            "description": "Open all connection for internal source",
            "destination_ranges": [],
            "direction": "INGRESS",
            "disabled": false,
            "enable_logging": null,
            "id": "projects/documentorai-400501/global/firewalls/documentorai-firewall-internal-becarefullbuddy",
            "log_config": [],
            "name": "documentorai-firewall-internal-becarefullbuddy",
            "network": "https://www.googleapis.com/compute/v1/projects/documentorai-400501/global/networks/documentorai-vpc-01",
            "priority": 1000,
            "project": "documentorai-400501",
            "self_link": "https://www.googleapis.com/compute/v1/projects/documentorai-400501/global/firewalls/documentorai-firewall-internal-becarefullbuddy",
            "source_ranges": [
              "10.24.0.0/20"
            ],
            "source_service_accounts": [],
            "source_tags": [
              "documentorai-firewall-internal-becarefullbuddy"
            ],
            "target_service_accounts": [],
            "target_tags": [],
            "timeouts": null
          },
          "sensitive_attributes": [],
          "private": "eyJlMmJmYjczMC1lY2FhLTExZTYtOGY4OC0zNDM2M2JjN2M0YzAiOnsiY3JlYXRlIjoxMjAwMDAwMDAwMDAwLCJkZWxldGUiOjEyMDAwMDAwMDAwMDAsInVwZGF0ZSI6MTIwMDAwMDAwMDAwMH0sInNjaGVtYV92ZXJzaW9uIjoiMSJ9",
          "dependencies": [
            "google_compute_network.documentorai_vpc_01",
            "google_compute_subnetwork.documentorai_pubsubnet_01"
          ]
        }
      ]
    },
    {
      "mode": "managed",
      "type": "google_compute_firewall",
      "name": "documentorai_firewall_internal_standardwebport",
      "provider": "provider[\"registry.terraform.io/hashicorp/google\"]",
      "instances": [
        {
          "schema_version": 1,
          "attributes": {
            "allow": [
              {
                "ports": [
                  "80",
                  "443"
                ],
                "protocol": "tcp"
              }
            ],
            "creation_timestamp": "2023-10-04T23:11:09.671-07:00",
            "deny": [],
            "description": "Open webport connection for internal source",
            "destination_ranges": [],
            "direction": "INGRESS",
            "disabled": false,
            "enable_logging": null,
            "id": "projects/documentorai-400501/global/firewalls/documentorai-firewall-internal-standardwebport",
            "log_config": [],
            "name": "documentorai-firewall-internal-standardwebport",
            "network": "https://www.googleapis.com/compute/v1/projects/documentorai-400501/global/networks/documentorai-vpc-01",
            "priority": 1000,
            "project": "documentorai-400501",
            "self_link": "https://www.googleapis.com/compute/v1/projects/documentorai-400501/global/firewalls/documentorai-firewall-internal-standardwebport",
            "source_ranges": [
              "10.24.0.0/20"
            ],
            "source_service_accounts": [],
            "source_tags": [
              "documentorai-firewall-internal-standardwebport"
            ],
            "target_service_accounts": [],
            "target_tags": [],
            "timeouts": null
          },
          "sensitive_attributes": [],
          "private": "eyJlMmJmYjczMC1lY2FhLTExZTYtOGY4OC0zNDM2M2JjN2M0YzAiOnsiY3JlYXRlIjoxMjAwMDAwMDAwMDAwLCJkZWxldGUiOjEyMDAwMDAwMDAwMDAsInVwZGF0ZSI6MTIwMDAwMDAwMDAwMH0sInNjaGVtYV92ZXJzaW9uIjoiMSJ9",
          "dependencies": [
            "google_compute_network.documentorai_vpc_01",
            "google_compute_subnetwork.documentorai_pubsubnet_01"
          ]
        }
      ]
    },
    {
      "mode": "managed",
      "type": "google_compute_firewall",
      "name": "documentorai_firewall_internet_standardsshport",
      "provider": "provider[\"registry.terraform.io/hashicorp/google\"]",
      "instances": [
        {
          "schema_version": 1,
          "attributes": {
            "allow": [
              {
                "ports": [
                  "22"
                ],
                "protocol": "tcp"
              }
            ],
            "creation_timestamp": "2023-10-04T23:11:40.964-07:00",
            "deny": [],
            "description": "Open ssh porot connection for internet source",
            "destination_ranges": [],
            "direction": "INGRESS",
            "disabled": false,
            "enable_logging": null,
            "id": "projects/documentorai-400501/global/firewalls/documentorai-firewall-internet-standardsshport",
            "log_config": [],
            "name": "documentorai-firewall-internet-standardsshport",
            "network": "https://www.googleapis.com/compute/v1/projects/documentorai-400501/global/networks/documentorai-vpc-01",
            "priority": 1000,
            "project": "documentorai-400501",
            "self_link": "https://www.googleapis.com/compute/v1/projects/documentorai-400501/global/firewalls/documentorai-firewall-internet-standardsshport",
            "source_ranges": [
              "0.0.0.0/0"
            ],
            "source_service_accounts": null,
            "source_tags": [
              "documentorai-firewall-internet-standardsshport"
            ],
            "target_service_accounts": null,
            "target_tags": null,
            "timeouts": null
          },
          "sensitive_attributes": [],
          "private": "eyJlMmJmYjczMC1lY2FhLTExZTYtOGY4OC0zNDM2M2JjN2M0YzAiOnsiY3JlYXRlIjoxMjAwMDAwMDAwMDAwLCJkZWxldGUiOjEyMDAwMDAwMDAwMDAsInVwZGF0ZSI6MTIwMDAwMDAwMDAwMH0sInNjaGVtYV92ZXJzaW9uIjoiMSJ9",
          "dependencies": [
            "google_compute_network.documentorai_vpc_01"
          ]
        }
      ]
    },
    {
      "mode": "managed",
      "type": "google_compute_firewall",
      "name": "documentorai_firewall_internet_standardwebport",
      "provider": "provider[\"registry.terraform.io/hashicorp/google\"]",
      "instances": [
        {
          "schema_version": 1,
          "attributes": {
            "allow": [
              {
                "ports": [
                  "80",
                  "443"
                ],
                "protocol": "tcp"
              }
            ],
            "creation_timestamp": "2023-10-04T22:57:56.118-07:00",
            "deny": [],
            "description": "Open webport connection for internet source",
            "destination_ranges": [],
            "direction": "INGRESS",
            "disabled": false,
            "enable_logging": null,
            "id": "projects/documentorai-400501/global/firewalls/documentorai-firewall-internet-standardwebport",
            "log_config": [],
            "name": "documentorai-firewall-internet-standardwebport",
            "network": "https://www.googleapis.com/compute/v1/projects/documentorai-400501/global/networks/documentorai-vpc-01",
            "priority": 1000,
            "project": "documentorai-400501",
            "self_link": "https://www.googleapis.com/compute/v1/projects/documentorai-400501/global/firewalls/documentorai-firewall-internet-standardwebport",
            "source_ranges": [
              "0.0.0.0/0"
            ],
            "source_service_accounts": [],
            "source_tags": [
              "documentorai-firewall-internet-standardwebport"
            ],
            "target_service_accounts": [],
            "target_tags": [],
            "timeouts": null
          },
          "sensitive_attributes": [],
          "private": "eyJlMmJmYjczMC1lY2FhLTExZTYtOGY4OC0zNDM2M2JjN2M0YzAiOnsiY3JlYXRlIjoxMjAwMDAwMDAwMDAwLCJkZWxldGUiOjEyMDAwMDAwMDAwMDAsInVwZGF0ZSI6MTIwMDAwMDAwMDAwMH0sInNjaGVtYV92ZXJzaW9uIjoiMSJ9",
          "dependencies": [
            "google_compute_network.documentorai_vpc_01"
          ]
        }
      ]
    },
    {
      "mode": "managed",
      "type": "google_compute_firewall",
      "name": "documentorai_firewall_internet_thismotherfckergoesmad",
      "provider": "provider[\"registry.terraform.io/hashicorp/google\"]",
      "instances": [
        {
          "schema_version": 1,
          "attributes": {
            "allow": [
              {
                "ports": [],
                "protocol": "all"
              }
            ],
            "creation_timestamp": "2023-10-04T22:57:55.464-07:00",
            "deny": [],
            "description": "Open all connection for internet source",
            "destination_ranges": [],
            "direction": "INGRESS",
            "disabled": false,
            "enable_logging": null,
            "id": "projects/documentorai-400501/global/firewalls/documentorai-firewall-internet-thismotherfckergoesmad",
            "log_config": [],
            "name": "documentorai-firewall-internet-thismotherfckergoesmad",
            "network": "https://www.googleapis.com/compute/v1/projects/documentorai-400501/global/networks/documentorai-vpc-01",
            "priority": 1000,
            "project": "documentorai-400501",
            "self_link": "https://www.googleapis.com/compute/v1/projects/documentorai-400501/global/firewalls/documentorai-firewall-internet-thismotherfckergoesmad",
            "source_ranges": [
              "0.0.0.0/0"
            ],
            "source_service_accounts": [],
            "source_tags": [
              "documentorai-firewall-internet-thismotherfckergoesmad"
            ],
            "target_service_accounts": [],
            "target_tags": [],
            "timeouts": null
          },
          "sensitive_attributes": [],
          "private": "eyJlMmJmYjczMC1lY2FhLTExZTYtOGY4OC0zNDM2M2JjN2M0YzAiOnsiY3JlYXRlIjoxMjAwMDAwMDAwMDAwLCJkZWxldGUiOjEyMDAwMDAwMDAwMDAsInVwZGF0ZSI6MTIwMDAwMDAwMDAwMH0sInNjaGVtYV92ZXJzaW9uIjoiMSJ9",
          "dependencies": [
            "google_compute_network.documentorai_vpc_01"
          ]
        }
      ]
    },
    {
      "mode": "managed",
      "type": "google_compute_network",
      "name": "documentorai_vpc_01",
      "provider": "provider[\"registry.terraform.io/hashicorp/google\"]",
      "instances": [
        {
          "schema_version": 0,
          "attributes": {
            "auto_create_subnetworks": false,
            "delete_default_routes_on_create": false,
            "description": "",
            "enable_ula_internal_ipv6": false,
            "gateway_ipv4": "",
            "id": "projects/documentorai-400501/global/networks/documentorai-vpc-01",
            "internal_ipv6_range": "",
            "mtu": 0,
            "name": "documentorai-vpc-01",
            "network_firewall_policy_enforcement_order": "AFTER_CLASSIC_FIREWALL",
            "project": "documentorai-400501",
            "routing_mode": "REGIONAL",
            "self_link": "https://www.googleapis.com/compute/v1/projects/documentorai-400501/global/networks/documentorai-vpc-01",
            "timeouts": null
          },
          "sensitive_attributes": [],
          "private": "eyJlMmJmYjczMC1lY2FhLTExZTYtOGY4OC0zNDM2M2JjN2M0YzAiOnsiY3JlYXRlIjoxMjAwMDAwMDAwMDAwLCJkZWxldGUiOjEyMDAwMDAwMDAwMDAsInVwZGF0ZSI6MTIwMDAwMDAwMDAwMH19"
        }
      ]
    },
    {
      "mode": "managed",
      "type": "google_compute_subnetwork",
      "name": "documentorai_pubsubnet_01",
      "provider": "provider[\"registry.terraform.io/hashicorp/google\"]",
      "instances": [
        {
          "schema_version": 0,
          "attributes": {
            "creation_timestamp": "2023-10-04T23:10:48.495-07:00",
            "description": "",
            "external_ipv6_prefix": "",
            "fingerprint": null,
            "gateway_address": "10.24.0.1",
            "id": "projects/documentorai-400501/regions/asia-southeast1/subnetworks/documentorai-pubsubnet-01",
            "internal_ipv6_prefix": "",
            "ip_cidr_range": "10.24.0.0/20",
            "ipv6_access_type": "",
            "ipv6_cidr_range": "",
            "log_config": [],
            "name": "documentorai-pubsubnet-01",
            "network": "https://www.googleapis.com/compute/v1/projects/documentorai-400501/global/networks/documentorai-vpc-01",
            "private_ip_google_access": false,
            "private_ipv6_google_access": "DISABLE_GOOGLE_ACCESS",
            "project": "documentorai-400501",
            "purpose": "PRIVATE",
            "region": "asia-southeast1",
            "role": "",
            "secondary_ip_range": [],
            "self_link": "https://www.googleapis.com/compute/v1/projects/documentorai-400501/regions/asia-southeast1/subnetworks/documentorai-pubsubnet-01",
            "stack_type": "IPV4_ONLY",
            "timeouts": null
          },
          "sensitive_attributes": [],
          "private": "eyJlMmJmYjczMC1lY2FhLTExZTYtOGY4OC0zNDM2M2JjN2M0YzAiOnsiY3JlYXRlIjoxMjAwMDAwMDAwMDAwLCJkZWxldGUiOjEyMDAwMDAwMDAwMDAsInVwZGF0ZSI6MTIwMDAwMDAwMDAwMH19",
          "dependencies": [
            "google_compute_network.documentorai_vpc_01"
          ]
        }
      ]
    }
  ],
  "check_results": null
}
